
Microsoft Visual Studio Solution File, Format Version 12.00
# Visual Studio 15
VisualStudioVersion = 15.0.28307.271
MinimumVisualStudioVersion = 10.0.40219.1
Project("{FAE04EC0-301F-11D3-BF4B-00C04F79EFBC}") = "Pwinty.Recruitment", "Pwinty.Recruitment\Pwinty.Recruitment.csproj", "{9B5B883C-4BEB-4943-808A-245D85294607}"
EndProject
Global
	GlobalSection(SolutionConfigurationPlatforms) = preSolution
		Debug|Any CPU = Debug|Any CPU
		Release|Any CPU = Release|Any CPU
	EndGlobalSection
	GlobalSection(ProjectConfigurationPlatforms) = postSolution
		{9B5B883C-4BEB-4943-808A-245D85294607}.Debug|Any CPU.ActiveCfg = Debug|Any CPU
		{9B5B883C-4BEB-4943-808A-245D85294607}.Debug|Any CPU.Build.0 = Debug|Any CPU
		{9B5B883C-4BEB-4943-808A-245D85294607}.Release|Any CPU.ActiveCfg = Release|Any CPU
		{9B5B883C-4BEB-4943-808A-245D85294607}.Release|Any CPU.Build.0 = Release|Any CPU
	EndGlobalSection
	GlobalSection(SolutionProperties) = preSolution
		HideSolutionNode = FALSE
	EndGlobalSection
	GlobalSection(ExtensibilityGlobals) = postSolution
		SolutionGuid = {4748C5FF-33E2-4221-B7F0-D64888DEDA71}
	EndGlobalSection
EndGlobal
